{
  "name": "CodingWithTom",
  "version": "1.0.0",
  "lockfileVersion": 1,
  "requires": true,
  "dependencies": {
    "@types/marked": {
      "version": "0.4.1",
      "resolved": "https://registry.npmjs.org/@types/marked/-/marked-0.4.1.tgz",
      "integrity": "sha512-ZqEGxppVG1x9QK/hkHxzmf6m4xcnk9CaHjNCqwvUeN3pMdCcQkPxmvrbLZ5GbP7K25TgiT1nKIGnz0U3M+G05Q==",
      "dev": true
    },
    "bootswatch": {
      "version": "4.1.3",
      "resolved": "https://registry.npmjs.org/bootswatch/-/bootswatch-4.1.3.tgz",
      "integrity": "sha1-MONyOxn6iVaM/83JyJQ7RponRek="
    },
    "marked": {
      "version": "0.5.0",
      "resolved": "https://registry.npmjs.org/marked/-/marked-0.5.0.tgz",
      "integrity": "sha512-UhjmkCWKu1SS/BIePL2a59BMJ7V42EYtTfksodPRXzPEGEph3Inp5dylseqt+KbU9Jglsx8xcMKmlumfJMBXAA=="
    },
    "monaco-editor": {
      "version": "0.14.3",
      "resolved": "https://registry.npmjs.org/monaco-editor/-/monaco-editor-0.14.3.tgz",
      "integrity": "sha512-RhaO4xXmWn/p0WrkEOXe4PoZj6xOcvDYjoAh0e1kGUrQnP1IOpc0m86Ceuaa2CLEMDINqKijBSmqhvBQnsPLHQ=="
    },
    "typescript": {
      "version": "3.0.3",
      "resolved": "https://registry.npmjs.org/typescript/-/typescript-3.0.3.tgz",
      "integrity": "sha512-kk80vLW9iGtjMnIv11qyxLqZm20UklzuR2tL0QAnDIygIUIemcZMxlMWudl9OOt76H3ntVzcTiddQ1/pAAJMYg==",
      "dev": true
    },
    "underscore": {
      "version": "1.9.1",
      "resolved": "https://registry.npmjs.org/underscore/-/underscore-1.9.1.tgz",
      "integrity": "sha512-5/4etnCkd9c8gwgowi5/om/mYO5ajCaOgdzj/oW+0eQV9WxKBDZw5+ycmKmeaTXjInS/W0BzpGLo2xR2aBwZdg=="
    },
    "vue": {
      "version": "2.5.17",
      "resolved": "https://registry.npmjs.org/vue/-/vue-2.5.17.tgz",
      "integrity": "sha512-mFbcWoDIJi0w0Za4emyLiW72Jae0yjANHbCVquMKijcavBGypqlF7zHRgMa5k4sesdv7hv2rB4JPdZfR+TPfhQ=="
    }
  }
}
